
Microsoft Visual Studio Solution File, Format Version 12.00
# Visual Studio 15
VisualStudioVersion = 15.0.26730.12
MinimumVisualStudioVersion = 10.0.40219.1
Project("{FAE04EC0-301F-11D3-BF4B-00C04F79EFBC}") = "test", "test\test.csproj", "{F86585D4-9522-4569-8389-3C5866B08833}"
EndProject
Project("{FAE04EC0-301F-11D3-BF4B-00C04F79EFBC}") = "bingfa", "bingfa\bingfa.csproj", "{2A2FFF10-B3D0-4CE6-9F29-55413E21C875}"
EndProject
Project("{FAE04EC0-301F-11D3-BF4B-00C04F79EFBC}") = "DepthInCSharp", "DepthInCSharp\DepthInCSharp.csproj", "{45D6B014-C42E-4480-8332-FD260D8D47DD}"
EndProject
Project("{FAE04EC0-301F-11D3-BF4B-00C04F79EFBC}") = "WinFormTest", "WinFormTest\WinFormTest.csproj", "{C6575E46-7563-4C9F-AE70-B4162BC24715}"
EndProject
Project("{FAE04EC0-301F-11D3-BF4B-00C04F79EFBC}") = "SuanFa", "SuanFa\SuanFa.csproj", "{9B18F52B-2662-4D24-BEDE-809FB19E24BE}"
EndProject
Project("{FAE04EC0-301F-11D3-BF4B-00C04F79EFBC}") = "WpfCefSharpTest", "WpfCefSharpTest\WpfCefSharpTest.csproj", "{38028E2B-4695-40B2-87D2-7D7A1D105E08}"
EndProject
Project("{FAE04EC0-301F-11D3-BF4B-00C04F79EFBC}") = "RegEX", "RegEX\RegEX.csproj", "{2C23CEB1-C82F-4967-8480-31560CD7E01E}"
EndProject
Global
	GlobalSection(SolutionConfigurationPlatforms) = preSolution
		Debug|Any CPU = Debug|Any CPU
		Debug|x64 = Debug|x64
		Release|Any CPU = Release|Any CPU
		Release|x64 = Release|x64
	EndGlobalSection
	GlobalSection(ProjectConfigurationPlatforms) = postSolution
		{F86585D4-9522-4569-8389-3C5866B08833}.Debug|Any CPU.ActiveCfg = Debug|Any CPU
		{F86585D4-9522-4569-8389-3C5866B08833}.Debug|Any CPU.Build.0 = Debug|Any CPU
		{F86585D4-9522-4569-8389-3C5866B08833}.Debug|x64.ActiveCfg = Debug|Any CPU
		{F86585D4-9522-4569-8389-3C5866B08833}.Debug|x64.Build.0 = Debug|Any CPU
		{F86585D4-9522-4569-8389-3C5866B08833}.Release|Any CPU.ActiveCfg = Release|Any CPU
		{F86585D4-9522-4569-8389-3C5866B08833}.Release|Any CPU.Build.0 = Release|Any CPU
		{F86585D4-9522-4569-8389-3C5866B08833}.Release|x64.ActiveCfg = Release|Any CPU
		{F86585D4-9522-4569-8389-3C5866B08833}.Release|x64.Build.0 = Release|Any CPU
		{2A2FFF10-B3D0-4CE6-9F29-55413E21C875}.Debug|Any CPU.ActiveCfg = Debug|Any CPU
		{2A2FFF10-B3D0-4CE6-9F29-55413E21C875}.Debug|Any CPU.Build.0 = Debug|Any CPU
		{2A2FFF10-B3D0-4CE6-9F29-55413E21C875}.Debug|x64.ActiveCfg = Debug|Any CPU
		{2A2FFF10-B3D0-4CE6-9F29-55413E21C875}.Debug|x64.Build.0 = Debug|Any CPU
		{2A2FFF10-B3D0-4CE6-9F29-55413E21C875}.Release|Any CPU.ActiveCfg = Release|Any CPU
		{2A2FFF10-B3D0-4CE6-9F29-55413E21C875}.Release|Any CPU.Build.0 = Release|Any CPU
		{2A2FFF10-B3D0-4CE6-9F29-55413E21C875}.Release|x64.ActiveCfg = Release|Any CPU
		{2A2FFF10-B3D0-4CE6-9F29-55413E21C875}.Release|x64.Build.0 = Release|Any CPU
		{45D6B014-C42E-4480-8332-FD260D8D47DD}.Debug|Any CPU.ActiveCfg = Debug|Any CPU
		{45D6B014-C42E-4480-8332-FD260D8D47DD}.Debug|Any CPU.Build.0 = Debug|Any CPU
		{45D6B014-C42E-4480-8332-FD260D8D47DD}.Debug|x64.ActiveCfg = Debug|Any CPU
		{45D6B014-C42E-4480-8332-FD260D8D47DD}.Debug|x64.Build.0 = Debug|Any CPU
		{45D6B014-C42E-4480-8332-FD260D8D47DD}.Release|Any CPU.ActiveCfg = Release|Any CPU
		{45D6B014-C42E-4480-8332-FD260D8D47DD}.Release|Any CPU.Build.0 = Release|Any CPU
		{45D6B014-C42E-4480-8332-FD260D8D47DD}.Release|x64.ActiveCfg = Release|Any CPU
		{45D6B014-C42E-4480-8332-FD260D8D47DD}.Release|x64.Build.0 = Release|Any CPU
		{C6575E46-7563-4C9F-AE70-B4162BC24715}.Debug|Any CPU.ActiveCfg = Debug|Any CPU
		{C6575E46-7563-4C9F-AE70-B4162BC24715}.Debug|Any CPU.Build.0 = Debug|Any CPU
		{C6575E46-7563-4C9F-AE70-B4162BC24715}.Debug|x64.ActiveCfg = Debug|Any CPU
		{C6575E46-7563-4C9F-AE70-B4162BC24715}.Debug|x64.Build.0 = Debug|Any CPU
		{C6575E46-7563-4C9F-AE70-B4162BC24715}.Release|Any CPU.ActiveCfg = Release|Any CPU
		{C6575E46-7563-4C9F-AE70-B4162BC24715}.Release|Any CPU.Build.0 = Release|Any CPU
		{C6575E46-7563-4C9F-AE70-B4162BC24715}.Release|x64.ActiveCfg = Release|Any CPU
		{C6575E46-7563-4C9F-AE70-B4162BC24715}.Release|x64.Build.0 = Release|Any CPU
		{9B18F52B-2662-4D24-BEDE-809FB19E24BE}.Debug|Any CPU.ActiveCfg = Debug|Any CPU
		{9B18F52B-2662-4D24-BEDE-809FB19E24BE}.Debug|Any CPU.Build.0 = Debug|Any CPU
		{9B18F52B-2662-4D24-BEDE-809FB19E24BE}.Debug|x64.ActiveCfg = Debug|Any CPU
		{9B18F52B-2662-4D24-BEDE-809FB19E24BE}.Debug|x64.Build.0 = Debug|Any CPU
		{9B18F52B-2662-4D24-BEDE-809FB19E24BE}.Release|Any CPU.ActiveCfg = Release|Any CPU
		{9B18F52B-2662-4D24-BEDE-809FB19E24BE}.Release|Any CPU.Build.0 = Release|Any CPU
		{9B18F52B-2662-4D24-BEDE-809FB19E24BE}.Release|x64.ActiveCfg = Release|Any CPU
		{9B18F52B-2662-4D24-BEDE-809FB19E24BE}.Release|x64.Build.0 = Release|Any CPU
		{38028E2B-4695-40B2-87D2-7D7A1D105E08}.Debug|Any CPU.ActiveCfg = Debug|Any CPU
		{38028E2B-4695-40B2-87D2-7D7A1D105E08}.Debug|Any CPU.Build.0 = Debug|Any CPU
		{38028E2B-4695-40B2-87D2-7D7A1D105E08}.Debug|x64.ActiveCfg = Debug|x64
		{38028E2B-4695-40B2-87D2-7D7A1D105E08}.Debug|x64.Build.0 = Debug|x64
		{38028E2B-4695-40B2-87D2-7D7A1D105E08}.Release|Any CPU.ActiveCfg = Release|Any CPU
		{38028E2B-4695-40B2-87D2-7D7A1D105E08}.Release|Any CPU.Build.0 = Release|Any CPU
		{38028E2B-4695-40B2-87D2-7D7A1D105E08}.Release|x64.ActiveCfg = Release|x64
		{38028E2B-4695-40B2-87D2-7D7A1D105E08}.Release|x64.Build.0 = Release|x64
		{2C23CEB1-C82F-4967-8480-31560CD7E01E}.Debug|Any CPU.ActiveCfg = Debug|Any CPU
		{2C23CEB1-C82F-4967-8480-31560CD7E01E}.Debug|Any CPU.Build.0 = Debug|Any CPU
		{2C23CEB1-C82F-4967-8480-31560CD7E01E}.Debug|x64.ActiveCfg = Debug|Any CPU
		{2C23CEB1-C82F-4967-8480-31560CD7E01E}.Debug|x64.Build.0 = Debug|Any CPU
		{2C23CEB1-C82F-4967-8480-31560CD7E01E}.Release|Any CPU.ActiveCfg = Release|Any CPU
		{2C23CEB1-C82F-4967-8480-31560CD7E01E}.Release|Any CPU.Build.0 = Release|Any CPU
		{2C23CEB1-C82F-4967-8480-31560CD7E01E}.Release|x64.ActiveCfg = Release|Any CPU
		{2C23CEB1-C82F-4967-8480-31560CD7E01E}.Release|x64.Build.0 = Release|Any CPU
	EndGlobalSection
	GlobalSection(SolutionProperties) = preSolution
		HideSolutionNode = FALSE
	EndGlobalSection
	GlobalSection(ExtensibilityGlobals) = postSolution
		SolutionGuid = {FBDCFAF1-CB7F-4BF5-AFE8-D019F4F50BEE}
	EndGlobalSection
EndGlobal
